
Microsoft Visual Studio Solution File, Format Version 12.00
# Visual Studio 15
VisualStudioVersion = 15.0.26730.16
MinimumVisualStudioVersion = 10.0.40219.1
Project("{9A19103F-16F7-4668-BE54-9A1E7A4F7556}") = "API", "API.csproj", "{4D4C71D0-619C-460C-9BDC-091B18D32227}"
EndProject
Global
	GlobalSection(SolutionConfigurationPlatforms) = preSolution
		Debug|Any CPU = Debug|Any CPU
		Release|Any CPU = Release|Any CPU
	EndGlobalSection
	GlobalSection(ProjectConfigurationPlatforms) = postSolution
		{4D4C71D0-619C-460C-9BDC-091B18D32227}.Debug|Any CPU.ActiveCfg = Debug|Any CPU
		{4D4C71D0-619C-460C-9BDC-091B18D32227}.Debug|Any CPU.Build.0 = Debug|Any CPU
		{4D4C71D0-619C-460C-9BDC-091B18D32227}.Release|Any CPU.ActiveCfg = Release|Any CPU
		{4D4C71D0-619C-460C-9BDC-091B18D32227}.Release|Any CPU.Build.0 = Release|Any CPU
	EndGlobalSection
	GlobalSection(SolutionProperties) = preSolution
		HideSolutionNode = FALSE
	EndGlobalSection
	GlobalSection(ExtensibilityGlobals) = postSolution
		SolutionGuid = {1E7DF62E-2F95-46B4-B181-A33DC6685E87}
	EndGlobalSection
EndGlobal
=======

Microsoft Visual Studio Solution File, Format Version 15.00
# Visual Studio 2017
Project("{FAE04EC0-301F-11D3-BF4B-00C04F79EFBC}") = "API", "API.csproj", "{36D5F45F-E6A3-4487-AF73-275CF95B243E}"
EndProject
Global
	GlobalSection(SolutionConfigurationPlatforms) = preSolution
		Debug|Any CPU = Debug|Any CPU
		Release|Any CPU = Release|Any CPU
	EndGlobalSection
	GlobalSection(ProjectConfigurationPlatforms) = postSolution
		{36D5F45F-E6A3-4487-AF73-275CF95B243E}.Debug|Any CPU.ActiveCfg = Debug|Any CPU
		{36D5F45F-E6A3-4487-AF73-275CF95B243E}.Debug|Any CPU.Build.0 = Debug|Any CPU
		{36D5F45F-E6A3-4487-AF73-275CF95B243E}.Release|Any CPU.ActiveCfg = Release|Any CPU
		{36D5F45F-E6A3-4487-AF73-275CF95B243E}.Release|Any CPU.Build.0 = Release|Any CPU
	EndGlobalSection
EndGlobal
>>>>>>> Stashed changes
